
Microsoft Visual Studio Solution File, Format Version 12.00
# Visual Studio Version 17
VisualStudioVersion = 17.9.34728.123
MinimumVisualStudioVersion = 10.0.40219.1
Project("{FAE04EC0-301F-11D3-BF4B-00C04F79EFBC}") = "Arac_Kirala", "Arac_Kirala\Arac_Kirala.csproj", "{4787E770-309C-42D5-9A93-AB248135CAD6}"
EndProject
Global
	GlobalSection(SolutionConfigurationPlatforms) = preSolution
		Debug|Any CPU = Debug|Any CPU
		Release|Any CPU = Release|Any CPU
	EndGlobalSection
	GlobalSection(ProjectConfigurationPlatforms) = postSolution
		{4787E770-309C-42D5-9A93-AB248135CAD6}.Debug|Any CPU.ActiveCfg = Debug|Any CPU
		{4787E770-309C-42D5-9A93-AB248135CAD6}.Debug|Any CPU.Build.0 = Debug|Any CPU
		{4787E770-309C-42D5-9A93-AB248135CAD6}.Release|Any CPU.ActiveCfg = Release|Any CPU
		{4787E770-309C-42D5-9A93-AB248135CAD6}.Release|Any CPU.Build.0 = Release|Any CPU
	EndGlobalSection
	GlobalSection(SolutionProperties) = preSolution
		HideSolutionNode = FALSE
	EndGlobalSection
	GlobalSection(ExtensibilityGlobals) = postSolution
		SolutionGuid = {C6359ACA-BEB3-4387-94AF-2A941D5CC542}
	EndGlobalSection
EndGlobal
